
Microsoft Visual Studio Solution File, Format Version 12.00
# Visual Studio Version 17
VisualStudioVersion = 17.14.36414.22
MinimumVisualStudioVersion = 10.0.40219.1
Project("{2150E333-8FDC-42A3-9474-1A3956D46DE8}") = "Task0", "Task0", "{02EA681E-C7D8-13C7-8484-4AC65E1B71E8}"
EndProject
Project("{FAE04EC0-301F-11D3-BF4B-00C04F79EFBC}") = "Tyuiu.SivolapEM.Sprint2.Task0.V10", "Tyuiu.SivolapEM.Sprint2.Task0.V10\Tyuiu.SivolapEM.Sprint2.Task0.V10.csproj", "{A030F625-B732-4209-A98D-6E556572A6E2}"
EndProject
Project("{FAE04EC0-301F-11D3-BF4B-00C04F79EFBC}") = "Tyuiu.SivolapEM.Sprint2.Task0.V10.Test", "Tyuiu.SivolapEM.Sprint2.Task0.V10.Test\Tyuiu.SivolapEM.Sprint2.Task0.V10.Test.csproj", "{2D1CCC08-3A37-4399-89DE-3EBDD6D28E82}"
EndProject
Project("{FAE04EC0-301F-11D3-BF4B-00C04F79EFBC}") = "Tyuiu.SivolapEM.Sprint2.Task0.V10.Lib", "Tyuiu.SivolapEM.Sprint2.Task0.V10.Lib\Tyuiu.SivolapEM.Sprint2.Task0.V10.Lib.csproj", "{913C205E-F1B6-4AFB-AA85-257F90DC74C5}"
EndProject
Project("{2150E333-8FDC-42A3-9474-1A3956D46DE8}") = "Task1", "Task1", "{A3D7005A-9298-4E4E-B11D-FE852E5CA9B3}"
EndProject
Project("{FAE04EC0-301F-11D3-BF4B-00C04F79EFBC}") = "Tyuiu.SivolapEM.Sprint2.Task1.V7", "Tyuiu.SivolapEM.Sprint2.Task1.V7\Tyuiu.SivolapEM.Sprint2.Task1.V7.csproj", "{6E9A7E3D-9865-4EF1-91E1-F52583B60D9D}"
EndProject
Project("{FAE04EC0-301F-11D3-BF4B-00C04F79EFBC}") = "Tyuiu.SivolapEM.Sprint2.Task1.V7.Lib", "Tyuiu.SivolapEM.Sprint2.Task1.V7.Lib\Tyuiu.SivolapEM.Sprint2.Task1.V7.Lib.csproj", "{64A675AB-AA32-4C12-9EE9-4C40F763C9A5}"
EndProject
Project("{FAE04EC0-301F-11D3-BF4B-00C04F79EFBC}") = "Tyuiu.SivolapEM.Sprint2.Task1.V7.Test", "Tyuiu.SivolapEM.Sprint2.Task1.V7.Test\Tyuiu.SivolapEM.Sprint2.Task1.V7.Test.csproj", "{D080FD72-7DCC-4C12-81CA-DEDDF6898D92}"
EndProject
Project("{2150E333-8FDC-42A3-9474-1A3956D46DE8}") = "Task2", "Task2", "{D69D6D1B-BDA4-4B5C-9515-95609381434B}"
EndProject
Project("{FAE04EC0-301F-11D3-BF4B-00C04F79EFBC}") = "Tyuiu.SivolapEM.Sprint2.Task2.V20", "Tyuiu.SivolapEM.Sprint2.Task2.V20\Tyuiu.SivolapEM.Sprint2.Task2.V20.csproj", "{FC9E10DB-E061-4C31-BF08-14B454833B86}"
EndProject
Project("{FAE04EC0-301F-11D3-BF4B-00C04F79EFBC}") = "Tyuiu.SivolapEM.Sprint2.Task2.V20.Lib", "Tyuiu.SivolapEM.Sprint2.Task2.V20.Lib\Tyuiu.SivolapEM.Sprint2.Task2.V20.Lib.csproj", "{8EE2B697-3916-49DB-B882-ABC1DD577739}"
EndProject
Project("{FAE04EC0-301F-11D3-BF4B-00C04F79EFBC}") = "Tyuiu.SivolapEM.Sprint2.Task2.V20.Test", "Tyuiu.SivolapEM.Sprint2.Task2.V20.Test\Tyuiu.SivolapEM.Sprint2.Task2.V20.Test.csproj", "{B9A5967A-FB78-49FB-B0D1-64C9D4BB21E5}"
EndProject
Project("{2150E333-8FDC-42A3-9474-1A3956D46DE8}") = "Task3", "Task3", "{65381709-810F-4018-B950-A6C997D4A6C0}"
EndProject
Project("{FAE04EC0-301F-11D3-BF4B-00C04F79EFBC}") = "Tyuiu.SivolapEM.Sprint2.Task3.V25", "Tyuiu.SivolapEM.Sprint2.Task3.V25\Tyuiu.SivolapEM.Sprint2.Task3.V25.csproj", "{A068007B-F2E5-47D9-8774-B5E9131FC1BE}"
EndProject
Project("{FAE04EC0-301F-11D3-BF4B-00C04F79EFBC}") = "Tyuiu.SivolapEM.Sprint2.Task3.V25.Lib", "Tyuiu.SivolapEM.Sprint2.Task3.V25.Lib\Tyuiu.SivolapEM.Sprint2.Task3.V25.Lib.csproj", "{EF3B9D50-0278-4CCE-991E-0A6BAA0FAE67}"
EndProject
Project("{FAE04EC0-301F-11D3-BF4B-00C04F79EFBC}") = "Tyuiu.SivolapEM.Sprint2.Task3.V25.Test", "Tyuiu.SivolapEM.Sprint2.Task3.V25.Test\Tyuiu.SivolapEM.Sprint2.Task3.V25.Test.csproj", "{B7F220D7-E617-45B6-A0C4-6CB613460838}"
EndProject
Project("{2150E333-8FDC-42A3-9474-1A3956D46DE8}") = "Task4", "Task4", "{47105BD6-9190-48E5-A22E-071237D3845A}"
EndProject
Project("{FAE04EC0-301F-11D3-BF4B-00C04F79EFBC}") = "Tyuiu.SivolapEM.Sprint2.Task4.V10", "Tyuiu.SivolapEM.Sprint2.Task4.V10\Tyuiu.SivolapEM.Sprint2.Task4.V10.csproj", "{77420935-930B-4EF4-8E9D-17A18C3C1D6E}"
EndProject
Project("{FAE04EC0-301F-11D3-BF4B-00C04F79EFBC}") = "Tyuiu.SivolapEM.Sprint2.Task4.V10.Lib", "Tyuiu.SivolapEM.Sprint2.Task4.V10.Lib\Tyuiu.SivolapEM.Sprint2.Task4.V10.Lib.csproj", "{5A35EE44-374F-4FF8-BB57-3D72966026C3}"
EndProject
Project("{FAE04EC0-301F-11D3-BF4B-00C04F79EFBC}") = "Tyuiu.SivolapEM.Sprint2.Task4.V10.Test", "Tyuiu.SivolapEM.Sprint2.Task4.V10.Test\Tyuiu.SivolapEM.Sprint2.Task4.V10.Test.csproj", "{73E0318E-93BB-471E-80E8-7170707553EF}"
EndProject
Project("{2150E333-8FDC-42A3-9474-1A3956D46DE8}") = "Task5", "Task5", "{086525D7-7826-482E-BD7F-1BAE99963E53}"
EndProject
Project("{FAE04EC0-301F-11D3-BF4B-00C04F79EFBC}") = "Tyuiu.SivolapEM.Sprint2.Task5.V3", "Tyuiu.SivolapEM.Sprint2.Task5.V3\Tyuiu.SivolapEM.Sprint2.Task5.V3.csproj", "{83F07115-16A9-48C1-8726-1062B3BF4A56}"
EndProject
Project("{FAE04EC0-301F-11D3-BF4B-00C04F79EFBC}") = "Tyuiu.SivolapEM.Sprint2.Task5.V3.Test", "Tyuiu.SivolapEM.Sprint2.Task5.V3.Test\Tyuiu.SivolapEM.Sprint2.Task5.V3.Test.csproj", "{856D33FD-F73C-4D15-B0F9-55DAF28CE173}"
EndProject
Project("{FAE04EC0-301F-11D3-BF4B-00C04F79EFBC}") = "Tyuiu.SivolapEM.Sprint2.Task5.V3.Lib", "Tyuiu.SivolapEM.Sprint2.Task5.V3.Lib\Tyuiu.SivolapEM.Sprint2.Task5.V3.Lib.csproj", "{6122B4BA-3D48-4A87-B3B6-9AA2C05EF27B}"
EndProject
Project("{2150E333-8FDC-42A3-9474-1A3956D46DE8}") = "Task6", "Task6", "{3EF8A890-6679-4DEF-8769-EA367CFDE660}"
EndProject
Project("{FAE04EC0-301F-11D3-BF4B-00C04F79EFBC}") = "Tyuiu.SivolapEM.Sprint2.Task6.V6", "Tyuiu.SivolapEM.Sprint2.Task6.V6\Tyuiu.SivolapEM.Sprint2.Task6.V6.csproj", "{75DDEEBB-4874-4117-8804-6C7099981D92}"
EndProject
Project("{FAE04EC0-301F-11D3-BF4B-00C04F79EFBC}") = "Tyuiu.SivolapEM.Sprint2.Task6.V6.Lib", "Tyuiu.SivolapEM.Sprint2.Task6.V6.Lib\Tyuiu.SivolapEM.Sprint2.Task6.V6.Lib.csproj", "{73CA2A9F-78B2-49E2-954D-B423F5EF637B}"
EndProject
Project("{FAE04EC0-301F-11D3-BF4B-00C04F79EFBC}") = "Tyuiu.SivolapEM.Sprint2.Task6.V6.Test", "Tyuiu.SivolapEM.Sprint2.Task6.V6.Test\Tyuiu.SivolapEM.Sprint2.Task6.V6.Test.csproj", "{5769FBC1-42DA-4596-9E9F-5EFA1FCC2E67}"
EndProject
Global
	GlobalSection(SolutionConfigurationPlatforms) = preSolution
		Debug|Any CPU = Debug|Any CPU
		Release|Any CPU = Release|Any CPU
	EndGlobalSection
	GlobalSection(ProjectConfigurationPlatforms) = postSolution
		{A030F625-B732-4209-A98D-6E556572A6E2}.Debug|Any CPU.ActiveCfg = Debug|Any CPU
		{A030F625-B732-4209-A98D-6E556572A6E2}.Debug|Any CPU.Build.0 = Debug|Any CPU
		{A030F625-B732-4209-A98D-6E556572A6E2}.Release|Any CPU.ActiveCfg = Release|Any CPU
		{A030F625-B732-4209-A98D-6E556572A6E2}.Release|Any CPU.Build.0 = Release|Any CPU
		{2D1CCC08-3A37-4399-89DE-3EBDD6D28E82}.Debug|Any CPU.ActiveCfg = Debug|Any CPU
		{2D1CCC08-3A37-4399-89DE-3EBDD6D28E82}.Debug|Any CPU.Build.0 = Debug|Any CPU
		{2D1CCC08-3A37-4399-89DE-3EBDD6D28E82}.Release|Any CPU.ActiveCfg = Release|Any CPU
		{2D1CCC08-3A37-4399-89DE-3EBDD6D28E82}.Release|Any CPU.Build.0 = Release|Any CPU
		{913C205E-F1B6-4AFB-AA85-257F90DC74C5}.Debug|Any CPU.ActiveCfg = Debug|Any CPU
		{913C205E-F1B6-4AFB-AA85-257F90DC74C5}.Debug|Any CPU.Build.0 = Debug|Any CPU
		{913C205E-F1B6-4AFB-AA85-257F90DC74C5}.Release|Any CPU.ActiveCfg = Release|Any CPU
		{913C205E-F1B6-4AFB-AA85-257F90DC74C5}.Release|Any CPU.Build.0 = Release|Any CPU
		{6E9A7E3D-9865-4EF1-91E1-F52583B60D9D}.Debug|Any CPU.ActiveCfg = Debug|Any CPU
		{6E9A7E3D-9865-4EF1-91E1-F52583B60D9D}.Debug|Any CPU.Build.0 = Debug|Any CPU
		{6E9A7E3D-9865-4EF1-91E1-F52583B60D9D}.Release|Any CPU.ActiveCfg = Release|Any CPU
		{6E9A7E3D-9865-4EF1-91E1-F52583B60D9D}.Release|Any CPU.Build.0 = Release|Any CPU
		{64A675AB-AA32-4C12-9EE9-4C40F763C9A5}.Debug|Any CPU.ActiveCfg = Debug|Any CPU
		{64A675AB-AA32-4C12-9EE9-4C40F763C9A5}.Debug|Any CPU.Build.0 = Debug|Any CPU
		{64A675AB-AA32-4C12-9EE9-4C40F763C9A5}.Release|Any CPU.ActiveCfg = Release|Any CPU
		{64A675AB-AA32-4C12-9EE9-4C40F763C9A5}.Release|Any CPU.Build.0 = Release|Any CPU
		{D080FD72-7DCC-4C12-81CA-DEDDF6898D92}.Debug|Any CPU.ActiveCfg = Debug|Any CPU
		{D080FD72-7DCC-4C12-81CA-DEDDF6898D92}.Debug|Any CPU.Build.0 = Debug|Any CPU
		{D080FD72-7DCC-4C12-81CA-DEDDF6898D92}.Release|Any CPU.ActiveCfg = Release|Any CPU
		{D080FD72-7DCC-4C12-81CA-DEDDF6898D92}.Release|Any CPU.Build.0 = Release|Any CPU
		{FC9E10DB-E061-4C31-BF08-14B454833B86}.Debug|Any CPU.ActiveCfg = Debug|Any CPU
		{FC9E10DB-E061-4C31-BF08-14B454833B86}.Debug|Any CPU.Build.0 = Debug|Any CPU
		{FC9E10DB-E061-4C31-BF08-14B454833B86}.Release|Any CPU.ActiveCfg = Release|Any CPU
		{FC9E10DB-E061-4C31-BF08-14B454833B86}.Release|Any CPU.Build.0 = Release|Any CPU
		{8EE2B697-3916-49DB-B882-ABC1DD577739}.Debug|Any CPU.ActiveCfg = Debug|Any CPU
		{8EE2B697-3916-49DB-B882-ABC1DD577739}.Debug|Any CPU.Build.0 = Debug|Any CPU
		{8EE2B697-3916-49DB-B882-ABC1DD577739}.Release|Any CPU.ActiveCfg = Release|Any CPU
		{8EE2B697-3916-49DB-B882-ABC1DD577739}.Release|Any CPU.Build.0 = Release|Any CPU
		{B9A5967A-FB78-49FB-B0D1-64C9D4BB21E5}.Debug|Any CPU.ActiveCfg = Debug|Any CPU
		{B9A5967A-FB78-49FB-B0D1-64C9D4BB21E5}.Debug|Any CPU.Build.0 = Debug|Any CPU
		{B9A5967A-FB78-49FB-B0D1-64C9D4BB21E5}.Release|Any CPU.ActiveCfg = Release|Any CPU
		{B9A5967A-FB78-49FB-B0D1-64C9D4BB21E5}.Release|Any CPU.Build.0 = Release|Any CPU
		{A068007B-F2E5-47D9-8774-B5E9131FC1BE}.Debug|Any CPU.ActiveCfg = Debug|Any CPU
		{A068007B-F2E5-47D9-8774-B5E9131FC1BE}.Debug|Any CPU.Build.0 = Debug|Any CPU
		{A068007B-F2E5-47D9-8774-B5E9131FC1BE}.Release|Any CPU.ActiveCfg = Release|Any CPU
		{A068007B-F2E5-47D9-8774-B5E9131FC1BE}.Release|Any CPU.Build.0 = Release|Any CPU
		{EF3B9D50-0278-4CCE-991E-0A6BAA0FAE67}.Debug|Any CPU.ActiveCfg = Debug|Any CPU
		{EF3B9D50-0278-4CCE-991E-0A6BAA0FAE67}.Debug|Any CPU.Build.0 = Debug|Any CPU
		{EF3B9D50-0278-4CCE-991E-0A6BAA0FAE67}.Release|Any CPU.ActiveCfg = Release|Any CPU
		{EF3B9D50-0278-4CCE-991E-0A6BAA0FAE67}.Release|Any CPU.Build.0 = Release|Any CPU
		{B7F220D7-E617-45B6-A0C4-6CB613460838}.Debug|Any CPU.ActiveCfg = Debug|Any CPU
		{B7F220D7-E617-45B6-A0C4-6CB613460838}.Debug|Any CPU.Build.0 = Debug|Any CPU
		{B7F220D7-E617-45B6-A0C4-6CB613460838}.Release|Any CPU.ActiveCfg = Release|Any CPU
		{B7F220D7-E617-45B6-A0C4-6CB613460838}.Release|Any CPU.Build.0 = Release|Any CPU
		{77420935-930B-4EF4-8E9D-17A18C3C1D6E}.Debug|Any CPU.ActiveCfg = Debug|Any CPU
		{77420935-930B-4EF4-8E9D-17A18C3C1D6E}.Debug|Any CPU.Build.0 = Debug|Any CPU
		{77420935-930B-4EF4-8E9D-17A18C3C1D6E}.Release|Any CPU.ActiveCfg = Release|Any CPU
		{77420935-930B-4EF4-8E9D-17A18C3C1D6E}.Release|Any CPU.Build.0 = Release|Any CPU
		{5A35EE44-374F-4FF8-BB57-3D72966026C3}.Debug|Any CPU.ActiveCfg = Debug|Any CPU
		{5A35EE44-374F-4FF8-BB57-3D72966026C3}.Debug|Any CPU.Build.0 = Debug|Any CPU
		{5A35EE44-374F-4FF8-BB57-3D72966026C3}.Release|Any CPU.ActiveCfg = Release|Any CPU
		{5A35EE44-374F-4FF8-BB57-3D72966026C3}.Release|Any CPU.Build.0 = Release|Any CPU
		{73E0318E-93BB-471E-80E8-7170707553EF}.Debug|Any CPU.ActiveCfg = Debug|Any CPU
		{73E0318E-93BB-471E-80E8-7170707553EF}.Debug|Any CPU.Build.0 = Debug|Any CPU
		{73E0318E-93BB-471E-80E8-7170707553EF}.Release|Any CPU.ActiveCfg = Release|Any CPU
		{73E0318E-93BB-471E-80E8-7170707553EF}.Release|Any CPU.Build.0 = Release|Any CPU
		{83F07115-16A9-48C1-8726-1062B3BF4A56}.Debug|Any CPU.ActiveCfg = Debug|Any CPU
		{83F07115-16A9-48C1-8726-1062B3BF4A56}.Debug|Any CPU.Build.0 = Debug|Any CPU
		{83F07115-16A9-48C1-8726-1062B3BF4A56}.Release|Any CPU.ActiveCfg = Release|Any CPU
		{83F07115-16A9-48C1-8726-1062B3BF4A56}.Release|Any CPU.Build.0 = Release|Any CPU
		{856D33FD-F73C-4D15-B0F9-55DAF28CE173}.Debug|Any CPU.ActiveCfg = Debug|Any CPU
		{856D33FD-F73C-4D15-B0F9-55DAF28CE173}.Debug|Any CPU.Build.0 = Debug|Any CPU
		{856D33FD-F73C-4D15-B0F9-55DAF28CE173}.Release|Any CPU.ActiveCfg = Release|Any CPU
		{856D33FD-F73C-4D15-B0F9-55DAF28CE173}.Release|Any CPU.Build.0 = Release|Any CPU
		{6122B4BA-3D48-4A87-B3B6-9AA2C05EF27B}.Debug|Any CPU.ActiveCfg = Debug|Any CPU
		{6122B4BA-3D48-4A87-B3B6-9AA2C05EF27B}.Debug|Any CPU.Build.0 = Debug|Any CPU
		{6122B4BA-3D48-4A87-B3B6-9AA2C05EF27B}.Release|Any CPU.ActiveCfg = Release|Any CPU
		{6122B4BA-3D48-4A87-B3B6-9AA2C05EF27B}.Release|Any CPU.Build.0 = Release|Any CPU
		{75DDEEBB-4874-4117-8804-6C7099981D92}.Debug|Any CPU.ActiveCfg = Debug|Any CPU
		{75DDEEBB-4874-4117-8804-6C7099981D92}.Debug|Any CPU.Build.0 = Debug|Any CPU
		{75DDEEBB-4874-4117-8804-6C7099981D92}.Release|Any CPU.ActiveCfg = Release|Any CPU
		{75DDEEBB-4874-4117-8804-6C7099981D92}.Release|Any CPU.Build.0 = Release|Any CPU
		{73CA2A9F-78B2-49E2-954D-B423F5EF637B}.Debug|Any CPU.ActiveCfg = Debug|Any CPU
		{73CA2A9F-78B2-49E2-954D-B423F5EF637B}.Debug|Any CPU.Build.0 = Debug|Any CPU
		{73CA2A9F-78B2-49E2-954D-B423F5EF637B}.Release|Any CPU.ActiveCfg = Release|Any CPU
		{73CA2A9F-78B2-49E2-954D-B423F5EF637B}.Release|Any CPU.Build.0 = Release|Any CPU
		{5769FBC1-42DA-4596-9E9F-5EFA1FCC2E67}.Debug|Any CPU.ActiveCfg = Debug|Any CPU
		{5769FBC1-42DA-4596-9E9F-5EFA1FCC2E67}.Debug|Any CPU.Build.0 = Debug|Any CPU
		{5769FBC1-42DA-4596-9E9F-5EFA1FCC2E67}.Release|Any CPU.ActiveCfg = Release|Any CPU
		{5769FBC1-42DA-4596-9E9F-5EFA1FCC2E67}.Release|Any CPU.Build.0 = Release|Any CPU
	EndGlobalSection
	GlobalSection(SolutionProperties) = preSolution
		HideSolutionNode = FALSE
	EndGlobalSection
	GlobalSection(NestedProjects) = preSolution
		{A030F625-B732-4209-A98D-6E556572A6E2} = {02EA681E-C7D8-13C7-8484-4AC65E1B71E8}
		{2D1CCC08-3A37-4399-89DE-3EBDD6D28E82} = {02EA681E-C7D8-13C7-8484-4AC65E1B71E8}
		{913C205E-F1B6-4AFB-AA85-257F90DC74C5} = {02EA681E-C7D8-13C7-8484-4AC65E1B71E8}
		{6E9A7E3D-9865-4EF1-91E1-F52583B60D9D} = {A3D7005A-9298-4E4E-B11D-FE852E5CA9B3}
		{64A675AB-AA32-4C12-9EE9-4C40F763C9A5} = {A3D7005A-9298-4E4E-B11D-FE852E5CA9B3}
		{D080FD72-7DCC-4C12-81CA-DEDDF6898D92} = {A3D7005A-9298-4E4E-B11D-FE852E5CA9B3}
		{FC9E10DB-E061-4C31-BF08-14B454833B86} = {D69D6D1B-BDA4-4B5C-9515-95609381434B}
		{8EE2B697-3916-49DB-B882-ABC1DD577739} = {D69D6D1B-BDA4-4B5C-9515-95609381434B}
		{B9A5967A-FB78-49FB-B0D1-64C9D4BB21E5} = {D69D6D1B-BDA4-4B5C-9515-95609381434B}
		{A068007B-F2E5-47D9-8774-B5E9131FC1BE} = {65381709-810F-4018-B950-A6C997D4A6C0}
		{EF3B9D50-0278-4CCE-991E-0A6BAA0FAE67} = {65381709-810F-4018-B950-A6C997D4A6C0}
		{B7F220D7-E617-45B6-A0C4-6CB613460838} = {65381709-810F-4018-B950-A6C997D4A6C0}
		{77420935-930B-4EF4-8E9D-17A18C3C1D6E} = {47105BD6-9190-48E5-A22E-071237D3845A}
		{5A35EE44-374F-4FF8-BB57-3D72966026C3} = {47105BD6-9190-48E5-A22E-071237D3845A}
		{73E0318E-93BB-471E-80E8-7170707553EF} = {47105BD6-9190-48E5-A22E-071237D3845A}
		{83F07115-16A9-48C1-8726-1062B3BF4A56} = {086525D7-7826-482E-BD7F-1BAE99963E53}
		{856D33FD-F73C-4D15-B0F9-55DAF28CE173} = {086525D7-7826-482E-BD7F-1BAE99963E53}
		{6122B4BA-3D48-4A87-B3B6-9AA2C05EF27B} = {086525D7-7826-482E-BD7F-1BAE99963E53}
		{75DDEEBB-4874-4117-8804-6C7099981D92} = {3EF8A890-6679-4DEF-8769-EA367CFDE660}
		{73CA2A9F-78B2-49E2-954D-B423F5EF637B} = {3EF8A890-6679-4DEF-8769-EA367CFDE660}
		{5769FBC1-42DA-4596-9E9F-5EFA1FCC2E67} = {3EF8A890-6679-4DEF-8769-EA367CFDE660}
	EndGlobalSection
	GlobalSection(ExtensibilityGlobals) = postSolution
		SolutionGuid = {E8AC11D4-8BAC-4E37-86F0-5311F1BFBD68}
	EndGlobalSection
EndGlobal
